
Microsoft Visual Studio Solution File, Format Version 12.00
# Visual Studio Version 17
VisualStudioVersion = 17.1.32319.34
MinimumVisualStudioVersion = 10.0.40219.1
Project("{FAE04EC0-301F-11D3-BF4B-00C04F79EFBC}") = "New-Version", "New-Version\New-Version.csproj", "{99846ADF-6574-49FD-9FD2-00648366BDEA}"
EndProject
Global
	GlobalSection(SolutionConfigurationPlatforms) = preSolution
		Debug|Any CPU = Debug|Any CPU
		Release|Any CPU = Release|Any CPU
	EndGlobalSection
	GlobalSection(ProjectConfigurationPlatforms) = postSolution
		{99846ADF-6574-49FD-9FD2-00648366BDEA}.Debug|Any CPU.ActiveCfg = Debug|Any CPU
		{99846ADF-6574-49FD-9FD2-00648366BDEA}.Debug|Any CPU.Build.0 = Debug|Any CPU
		{99846ADF-6574-49FD-9FD2-00648366BDEA}.Release|Any CPU.ActiveCfg = Release|Any CPU
		{99846ADF-6574-49FD-9FD2-00648366BDEA}.Release|Any CPU.Build.0 = Release|Any CPU
	EndGlobalSection
	GlobalSection(SolutionProperties) = preSolution
		HideSolutionNode = FALSE
	EndGlobalSection
	GlobalSection(ExtensibilityGlobals) = postSolution
		SolutionGuid = {94E2024A-7DA9-485B-80C3-9252D2E6FFDC}
	EndGlobalSection
EndGlobal
